
Microsoft Visual Studio Solution File, Format Version 12.00
Project("{FAE04EC0-301F-11D3-BF4B-00C04F79EFBC}") = "Application", "Application\Application.csproj", "{489E88E3-CFEB-473A-9C70-73182BE67D67}"
EndProject
Project("{FAE04EC0-301F-11D3-BF4B-00C04F79EFBC}") = "Domain", "Domain\Domain.csproj", "{E847A3E6-C7A1-414E-AAD1-53D66E082A65}"
EndProject
Project("{FAE04EC0-301F-11D3-BF4B-00C04F79EFBC}") = "Infrastructure", "Infrastructure\Infrastructure.csproj", "{E09BE4C6-5024-456A-8D07-DF755B99F8B2}"
EndProject
Project("{FAE04EC0-301F-11D3-BF4B-00C04F79EFBC}") = "Web", "Web\Web.csproj", "{E13BC436-ED36-4A03-9B04-61A0AA7CA90F}"
EndProject
Project("{2150E333-8FDC-42A3-9474-1A3956D46DE8}") = "src", "src", "{DD8002FB-1578-4606-87A4-CFBA478C275E}"
EndProject
Project("{2150E333-8FDC-42A3-9474-1A3956D46DE8}") = "tests", "tests", "{90E2C7AD-5890-4E94-BF7B-10DFE208668E}"
EndProject
Project("{FAE04EC0-301F-11D3-BF4B-00C04F79EFBC}") = "Application.UnitTests", "Application.UnitTests\Application.UnitTests.csproj", "{7BD33BF7-1D2D-48BE-961D-29FF895E8607}"
EndProject
Project("{FAE04EC0-301F-11D3-BF4B-00C04F79EFBC}") = "Infrastructure.UnitTests", "Infrastructure.UnitTests\Infrastructure.UnitTests.csproj", "{18029CB3-0F3B-4CAC-AA6C-017D1B1AF91D}"
EndProject
Global
	GlobalSection(SolutionConfigurationPlatforms) = preSolution
		Debug|Any CPU = Debug|Any CPU
		Release|Any CPU = Release|Any CPU
	EndGlobalSection
	GlobalSection(ProjectConfigurationPlatforms) = postSolution
		{489E88E3-CFEB-473A-9C70-73182BE67D67}.Debug|Any CPU.ActiveCfg = Debug|Any CPU
		{489E88E3-CFEB-473A-9C70-73182BE67D67}.Debug|Any CPU.Build.0 = Debug|Any CPU
		{489E88E3-CFEB-473A-9C70-73182BE67D67}.Release|Any CPU.ActiveCfg = Release|Any CPU
		{489E88E3-CFEB-473A-9C70-73182BE67D67}.Release|Any CPU.Build.0 = Release|Any CPU
		{E847A3E6-C7A1-414E-AAD1-53D66E082A65}.Debug|Any CPU.ActiveCfg = Debug|Any CPU
		{E847A3E6-C7A1-414E-AAD1-53D66E082A65}.Debug|Any CPU.Build.0 = Debug|Any CPU
		{E847A3E6-C7A1-414E-AAD1-53D66E082A65}.Release|Any CPU.ActiveCfg = Release|Any CPU
		{E847A3E6-C7A1-414E-AAD1-53D66E082A65}.Release|Any CPU.Build.0 = Release|Any CPU
		{E09BE4C6-5024-456A-8D07-DF755B99F8B2}.Debug|Any CPU.ActiveCfg = Debug|Any CPU
		{E09BE4C6-5024-456A-8D07-DF755B99F8B2}.Debug|Any CPU.Build.0 = Debug|Any CPU
		{E09BE4C6-5024-456A-8D07-DF755B99F8B2}.Release|Any CPU.ActiveCfg = Release|Any CPU
		{E09BE4C6-5024-456A-8D07-DF755B99F8B2}.Release|Any CPU.Build.0 = Release|Any CPU
		{E13BC436-ED36-4A03-9B04-61A0AA7CA90F}.Debug|Any CPU.ActiveCfg = Debug|Any CPU
		{E13BC436-ED36-4A03-9B04-61A0AA7CA90F}.Debug|Any CPU.Build.0 = Debug|Any CPU
		{E13BC436-ED36-4A03-9B04-61A0AA7CA90F}.Release|Any CPU.ActiveCfg = Release|Any CPU
		{E13BC436-ED36-4A03-9B04-61A0AA7CA90F}.Release|Any CPU.Build.0 = Release|Any CPU
		{7BD33BF7-1D2D-48BE-961D-29FF895E8607}.Debug|Any CPU.ActiveCfg = Debug|Any CPU
		{7BD33BF7-1D2D-48BE-961D-29FF895E8607}.Debug|Any CPU.Build.0 = Debug|Any CPU
		{7BD33BF7-1D2D-48BE-961D-29FF895E8607}.Release|Any CPU.ActiveCfg = Release|Any CPU
		{7BD33BF7-1D2D-48BE-961D-29FF895E8607}.Release|Any CPU.Build.0 = Release|Any CPU
		{18029CB3-0F3B-4CAC-AA6C-017D1B1AF91D}.Debug|Any CPU.ActiveCfg = Debug|Any CPU
		{18029CB3-0F3B-4CAC-AA6C-017D1B1AF91D}.Debug|Any CPU.Build.0 = Debug|Any CPU
		{18029CB3-0F3B-4CAC-AA6C-017D1B1AF91D}.Release|Any CPU.ActiveCfg = Release|Any CPU
		{18029CB3-0F3B-4CAC-AA6C-017D1B1AF91D}.Release|Any CPU.Build.0 = Release|Any CPU
	EndGlobalSection
	GlobalSection(NestedProjects) = preSolution
		{489E88E3-CFEB-473A-9C70-73182BE67D67} = {DD8002FB-1578-4606-87A4-CFBA478C275E}
		{E847A3E6-C7A1-414E-AAD1-53D66E082A65} = {DD8002FB-1578-4606-87A4-CFBA478C275E}
		{E09BE4C6-5024-456A-8D07-DF755B99F8B2} = {DD8002FB-1578-4606-87A4-CFBA478C275E}
		{E13BC436-ED36-4A03-9B04-61A0AA7CA90F} = {DD8002FB-1578-4606-87A4-CFBA478C275E}
		{7BD33BF7-1D2D-48BE-961D-29FF895E8607} = {90E2C7AD-5890-4E94-BF7B-10DFE208668E}
		{18029CB3-0F3B-4CAC-AA6C-017D1B1AF91D} = {90E2C7AD-5890-4E94-BF7B-10DFE208668E}
	EndGlobalSection
EndGlobal
